// !$*UTF8*$!
{
	archiveVersion = 1;
	classes = {
	};
	objectVersion = 55;
	objects = {

/* Begin PBXBuildFile section */
		3D42B05D2921F75A00CC640C /* test.cpp in Sources */ = {isa = PBXBuildFile; fileRef = 3D42B0582921F75A00CC640C /* test.cpp */; };
		3D42B05E2921F75A00CC640C /* red_green_blue.cpp in Sources */ = {isa = PBXBuildFile; fileRef = 3D42B0592921F75A00CC640C /* red_green_blue.cpp */; };
		3D42B05F2921F75A00CC640C /* main.cpp in Sources */ = {isa = PBXBuildFile; fileRef = 3D42B05A2921F75A00CC640C /* main.cpp */; };
		3D42B06A2921FAE700CC640C /* glad.c in Sources */ = {isa = PBXBuildFile; fileRef = 3D42B0692921FAE700CC640C /* glad.c */; };
		3D42B06F2922149000CC640C /* libglfw.3.dylib in Frameworks */ = {isa = PBXBuildFile; fileRef = 3D42B0632921F99E00CC640C /* libglfw.3.dylib */; };
		3D42B0712922164300CC640C /* Cocoa.framework in Frameworks */ = {isa = PBXBuildFile; fileRef = 3D42B0702922164300CC640C /* Cocoa.framework */; };
		3D42B0732922164800CC640C /* IOKit.framework in Frameworks */ = {isa = PBXBuildFile; fileRef = 3D42B0722922164800CC640C /* IOKit.framework */; };
		3D43247428D021040055F4C1 /* stb_image.cpp in Sources */ = {isa = PBXBuildFile; fileRef = 3D43247328D021040055F4C1 /* stb_image.cpp */; };
/* End PBXBuildFile section */

/* Begin PBXCopyFilesBuildPhase section */
		3D721BD128B613DF002C8CAF /* CopyFiles */ = {
			isa = PBXCopyFilesBuildPhase;
			buildActionMask = 2147483647;
			dstPath = /usr/share/man/man1/;
			dstSubfolderSpec = 0;
			files = (
			);
			runOnlyForDeploymentPostprocessing = 1;
		};
/* End PBXCopyFilesBuildPhase section */

/* Begin PBXFileReference section */
		3D42B0582921F75A00CC640C /* test.cpp */ = {isa = PBXFileReference; fileEncoding = 4; lastKnownFileType = sourcecode.cpp.cpp; path = test.cpp; sourceTree = "<group>"; };
		3D42B0592921F75A00CC640C /* red_green_blue.cpp */ = {isa = PBXFileReference; fileEncoding = 4; lastKnownFileType = sourcecode.cpp.cpp; path = red_green_blue.cpp; sourceTree = "<group>"; };
		3D42B05A2921F75A00CC640C /* main.cpp */ = {isa = PBXFileReference; fileEncoding = 4; lastKnownFileType = sourcecode.cpp.cpp; path = main.cpp; sourceTree = "<group>"; };
		3D42B0632921F99E00CC640C /* libglfw.3.dylib */ = {isa = PBXFileReference; lastKnownFileType = "compiled.mach-o.dylib"; name = libglfw.3.dylib; path = "3rdParty/glfw-3.3.7.bin.MACOS/lib-arm64/libglfw.3.dylib"; sourceTree = "<group>"; };
		3D42B0692921FAE700CC640C /* glad.c */ = {isa = PBXFileReference; fileEncoding = 4; lastKnownFileType = sourcecode.c.c; path = glad.c; sourceTree = "<group>"; };
		3D42B0702922164300CC640C /* Cocoa.framework */ = {isa = PBXFileReference; lastKnownFileType = wrapper.framework; name = Cocoa.framework; path = System/Library/Frameworks/Cocoa.framework; sourceTree = SDKROOT; };
		3D42B0722922164800CC640C /* IOKit.framework */ = {isa = PBXFileReference; lastKnownFileType = wrapper.framework; name = IOKit.framework; path = System/Library/Frameworks/IOKit.framework; sourceTree = SDKROOT; };
		3D43246E28C9DED00055F4C1 /* Shader.h */ = {isa = PBXFileReference; lastKnownFileType = sourcecode.c.h; path = Shader.h; sourceTree = "<group>"; };
		3D43246F28D01D440055F4C1 /* stb_image.h */ = {isa = PBXFileReference; lastKnownFileType = sourcecode.c.h; path = stb_image.h; sourceTree = "<group>"; };
		3D43247328D021040055F4C1 /* stb_image.cpp */ = {isa = PBXFileReference; lastKnownFileType = sourcecode.cpp.cpp; path = stb_image.cpp; sourceTree = "<group>"; };
		3D721BD328B613DF002C8CAF /* OpenGL_Test */ = {isa = PBXFileReference; explicitFileType = "compiled.mach-o.executable"; includeInIndex = 0; path = OpenGL_Test; sourceTree = BUILT_PRODUCTS_DIR; };
/* End PBXFileReference section */

/* Begin PBXFrameworksBuildPhase section */
		3D721BD028B613DF002C8CAF /* Frameworks */ = {
			isa = PBXFrameworksBuildPhase;
			buildActionMask = 2147483647;
			files = (
				3D42B0732922164800CC640C /* IOKit.framework in Frameworks */,
				3D42B0712922164300CC640C /* Cocoa.framework in Frameworks */,
				3D42B06F2922149000CC640C /* libglfw.3.dylib in Frameworks */,
			);
			runOnlyForDeploymentPostprocessing = 0;
		};
/* End PBXFrameworksBuildPhase section */

/* Begin PBXGroup section */
		3D42B0572921F75A00CC640C /* Src */ = {
			isa = PBXGroup;
			children = (
				3D42B0582921F75A00CC640C /* test.cpp */,
				3D42B0592921F75A00CC640C /* red_green_blue.cpp */,
				3D42B05A2921F75A00CC640C /* main.cpp */,
			);
			path = Src;
			sourceTree = "<group>";
		};
		3D42B0682921FAE700CC640C /* glad */ = {
			isa = PBXGroup;
			children = (
				3D42B0692921FAE700CC640C /* glad.c */,
			);
			path = glad;
			sourceTree = "<group>";
		};
		3D43247128D01DC50055F4C1 /* Texture */ = {
			isa = PBXGroup;
			children = (
				3D43246F28D01D440055F4C1 /* stb_image.h */,
				3D43247328D021040055F4C1 /* stb_image.cpp */,
			);
			path = Texture;
			sourceTree = "<group>";
		};
		3D43247228D01E050055F4C1 /* Shader */ = {
			isa = PBXGroup;
			children = (
				3D43246E28C9DED00055F4C1 /* Shader.h */,
			);
			path = Shader;
			sourceTree = "<group>";
		};
		3D721BCA28B613DF002C8CAF = {
			isa = PBXGroup;
			children = (
				3D721BD528B613DF002C8CAF /* OpenGL_Test */,
				3D721BD428B613DF002C8CAF /* Products */,
				3D721CD928B62E1B002C8CAF /* Frameworks */,
			);
			sourceTree = "<group>";
		};
		3D721BD428B613DF002C8CAF /* Products */ = {
			isa = PBXGroup;
			children = (
				3D721BD328B613DF002C8CAF /* OpenGL_Test */,
			);
			name = Products;
			sourceTree = "<group>";
		};
		3D721BD528B613DF002C8CAF /* OpenGL_Test */ = {
			isa = PBXGroup;
			children = (
				3D42B0682921FAE700CC640C /* glad */,
				3D42B0572921F75A00CC640C /* Src */,
				3D43247228D01E050055F4C1 /* Shader */,
				3D43247128D01DC50055F4C1 /* Texture */,
			);
			path = OpenGL_Test;
			sourceTree = "<group>";
		};
		3D721CD928B62E1B002C8CAF /* Frameworks */ = {
			isa = PBXGroup;
			children = (
				3D42B0722922164800CC640C /* IOKit.framework */,
				3D42B0702922164300CC640C /* Cocoa.framework */,
				3D42B0632921F99E00CC640C /* libglfw.3.dylib */,
			);
			name = Frameworks;
			sourceTree = "<group>";
		};
/* End PBXGroup section */

/* Begin PBXNativeTarget section */
		3D721BD228B613DF002C8CAF /* OpenGL_Test */ = {
			isa = PBXNativeTarget;
			buildConfigurationList = 3D721BDA28B613DF002C8CAF /* Build configuration list for PBXNativeTarget "OpenGL_Test" */;
			buildPhases = (
				3D721BCF28B613DF002C8CAF /* Sources */,
				3D721BD028B613DF002C8CAF /* Frameworks */,
				3D721BD128B613DF002C8CAF /* CopyFiles */,
			);
			buildRules = (
			);
			dependencies = (
			);
			name = OpenGL_Test;
			productName = OpenGL_Test;
			productReference = 3D721BD328B613DF002C8CAF /* OpenGL_Test */;
			productType = "com.apple.product-type.tool";
		};
/* End PBXNativeTarget section */

/* Begin PBXProject section */
		3D721BCB28B613DF002C8CAF /* Project object */ = {
			isa = PBXProject;
			attributes = {
				BuildIndependentTargetsInParallel = 1;
				LastUpgradeCheck = 1340;
				TargetAttributes = {
					3D721BD228B613DF002C8CAF = {
						CreatedOnToolsVersion = 13.4.1;
					};
				};
			};
			buildConfigurationList = 3D721BCE28B613DF002C8CAF /* Build configuration list for PBXProject "OpenGL_Test" */;
			compatibilityVersion = "Xcode 13.0";
			developmentRegion = en;
			hasScannedForEncodings = 0;
			knownRegions = (
				en,
				Base,
			);
			mainGroup = 3D721BCA28B613DF002C8CAF;
			productRefGroup = 3D721BD428B613DF002C8CAF /* Products */;
			projectDirPath = "";
			projectRoot = "";
			targets = (
				3D721BD228B613DF002C8CAF /* OpenGL_Test */,
			);
		};
/* End PBXProject section */

/* Begin PBXSourcesBuildPhase section */
		3D721BCF28B613DF002C8CAF /* Sources */ = {
			isa = PBXSourcesBuildPhase;
			buildActionMask = 2147483647;
			files = (
				3D42B06A2921FAE700CC640C /* glad.c in Sources */,
				3D43247428D021040055F4C1 /* stb_image.cpp in Sources */,
				3D42B05D2921F75A00CC640C /* test.cpp in Sources */,
				3D42B05F2921F75A00CC640C /* main.cpp in Sources */,
				3D42B05E2921F75A00CC640C /* red_green_blue.cpp in Sources */,
			);
			runOnlyForDeploymentPostprocessing = 0;
		};
/* End PBXSourcesBuildPhase section */

/* Begin XCBuildConfiguration section */
		3D721BD828B613DF002C8CAF /* Debug */ = {
			isa = XCBuildConfiguration;
			buildSettings = {
				ALWAYS_SEARCH_USER_PATHS = NO;
				CLANG_ANALYZER_NONNULL = YES;
				CLANG_ANALYZER_NUMBER_OBJECT_CONVERSION = YES_AGGRESSIVE;
				CLANG_CXX_LANGUAGE_STANDARD = "gnu++17";
				CLANG_ENABLE_MODULES = YES;
				CLANG_ENABLE_OBJC_ARC = YES;
				CLANG_ENABLE_OBJC_WEAK = YES;
				CLANG_WARN_BLOCK_CAPTURE_AUTORELEASING = YES;
				CLANG_WARN_BOOL_CONVERSION = YES;
				CLANG_WARN_COMMA = YES;
				CLANG_WARN_CONSTANT_CONVERSION = YES;
				CLANG_WARN_DEPRECATED_OBJC_IMPLEMENTATIONS = YES;
				CLANG_WARN_DIRECT_OBJC_ISA_USAGE = YES_ERROR;
				CLANG_WARN_DOCUMENTATION_COMMENTS = YES;
				CLANG_WARN_EMPTY_BODY = YES;
				CLANG_WARN_ENUM_CONVERSION = YES;
				CLANG_WARN_INFINITE_RECURSION = YES;
				CLANG_WARN_INT_CONVERSION = YES;
				CLANG_WARN_NON_LITERAL_NULL_CONVERSION = YES;
				CLANG_WARN_OBJC_IMPLICIT_RETAIN_SELF = YES;
				CLANG_WARN_OBJC_LITERAL_CONVERSION = YES;
				CLANG_WARN_OBJC_ROOT_CLASS = YES_ERROR;
				CLANG_WARN_QUOTED_INCLUDE_IN_FRAMEWORK_HEADER = YES;
				CLANG_WARN_RANGE_LOOP_ANALYSIS = YES;
				CLANG_WARN_STRICT_PROTOTYPES = YES;
				CLANG_WARN_SUSPICIOUS_MOVE = YES;
				CLANG_WARN_UNGUARDED_AVAILABILITY = YES_AGGRESSIVE;
				CLANG_WARN_UNREACHABLE_CODE = YES;
				CLANG_WARN__DUPLICATE_METHOD_MATCH = YES;
				COPY_PHASE_STRIP = NO;
				DEBUG_INFORMATION_FORMAT = dwarf;
				ENABLE_STRICT_OBJC_MSGSEND = YES;
				ENABLE_TESTABILITY = YES;
				GCC_C_LANGUAGE_STANDARD = gnu11;
				GCC_DYNAMIC_NO_PIC = NO;
				GCC_NO_COMMON_BLOCKS = YES;
				GCC_OPTIMIZATION_LEVEL = 0;
				GCC_PREPROCESSOR_DEFINITIONS = (
					"DEBUG=1",
					"$(inherited)",
				);
				GCC_WARN_64_TO_32_BIT_CONVERSION = YES;
				GCC_WARN_ABOUT_RETURN_TYPE = YES_ERROR;
				GCC_WARN_UNDECLARED_SELECTOR = YES;
				GCC_WARN_UNINITIALIZED_AUTOS = YES_AGGRESSIVE;
				GCC_WARN_UNUSED_FUNCTION = YES;
				GCC_WARN_UNUSED_VARIABLE = YES;
				MACOSX_DEPLOYMENT_TARGET = 12.3;
				MTL_ENABLE_DEBUG_INFO = INCLUDE_SOURCE;
				MTL_FAST_MATH = YES;
				ONLY_ACTIVE_ARCH = YES;
				SDKROOT = macosx;
			};
			name = Debug;
		};
		3D721BD928B613DF002C8CAF /* Release */ = {
			isa = XCBuildConfiguration;
			buildSettings = {
				ALWAYS_SEARCH_USER_PATHS = NO;
				CLANG_ANALYZER_NONNULL = YES;
				CLANG_ANALYZER_NUMBER_OBJECT_CONVERSION = YES_AGGRESSIVE;
				CLANG_CXX_LANGUAGE_STANDARD = "gnu++17";
				CLANG_ENABLE_MODULES = YES;
				CLANG_ENABLE_OBJC_ARC = YES;
				CLANG_ENABLE_OBJC_WEAK = YES;
				CLANG_WARN_BLOCK_CAPTURE_AUTORELEASING = YES;
				CLANG_WARN_BOOL_CONVERSION = YES;
				CLANG_WARN_COMMA = YES;
				CLANG_WARN_CONSTANT_CONVERSION = YES;
				CLANG_WARN_DEPRECATED_OBJC_IMPLEMENTATIONS = YES;
				CLANG_WARN_DIRECT_OBJC_ISA_USAGE = YES_ERROR;
				CLANG_WARN_DOCUMENTATION_COMMENTS = YES;
				CLANG_WARN_EMPTY_BODY = YES;
				CLANG_WARN_ENUM_CONVERSION = YES;
				CLANG_WARN_INFINITE_RECURSION = YES;
				CLANG_WARN_INT_CONVERSION = YES;
				CLANG_WARN_NON_LITERAL_NULL_CONVERSION = YES;
				CLANG_WARN_OBJC_IMPLICIT_RETAIN_SELF = YES;
				CLANG_WARN_OBJC_LITERAL_CONVERSION = YES;
				CLANG_WARN_OBJC_ROOT_CLASS = YES_ERROR;
				CLANG_WARN_QUOTED_INCLUDE_IN_FRAMEWORK_HEADER = YES;
				CLANG_WARN_RANGE_LOOP_ANALYSIS = YES;
				CLANG_WARN_STRICT_PROTOTYPES = YES;
				CLANG_WARN_SUSPICIOUS_MOVE = YES;
				CLANG_WARN_UNGUARDED_AVAILABILITY = YES_AGGRESSIVE;
				CLANG_WARN_UNREACHABLE_CODE = YES;
				CLANG_WARN__DUPLICATE_METHOD_MATCH = YES;
				COPY_PHASE_STRIP = NO;
				DEBUG_INFORMATION_FORMAT = "dwarf-with-dsym";
				ENABLE_NS_ASSERTIONS = NO;
				ENABLE_STRICT_OBJC_MSGSEND = YES;
				GCC_C_LANGUAGE_STANDARD = gnu11;
				GCC_NO_COMMON_BLOCKS = YES;
				GCC_WARN_64_TO_32_BIT_CONVERSION = YES;
				GCC_WARN_ABOUT_RETURN_TYPE = YES_ERROR;
				GCC_WARN_UNDECLARED_SELECTOR = YES;
				GCC_WARN_UNINITIALIZED_AUTOS = YES_AGGRESSIVE;
				GCC_WARN_UNUSED_FUNCTION = YES;
				GCC_WARN_UNUSED_VARIABLE = YES;
				MACOSX_DEPLOYMENT_TARGET = 12.3;
				MTL_ENABLE_DEBUG_INFO = NO;
				MTL_FAST_MATH = YES;
				SDKROOT = macosx;
			};
			name = Release;
		};
		3D721BDB28B613DF002C8CAF /* Debug */ = {
			isa = XCBuildConfiguration;
			buildSettings = {
				CODE_SIGN_STYLE = Automatic;
				HEADER_SEARCH_PATHS = (
					"\"$(SRCROOT)/3rdParty/glad/include\"",
					"\"$(SRCROOT)/3rdParty/glfw-3.3.7.bin.MACOS/include\"",
					"\"$(SRCROOT)/3rdParty/glm\"",
				);
				LIBRARY_SEARCH_PATHS = (
					"/Users/jormungand/code/OpenGL_Test/3rdParty/glfw-3.3.7.bin.MACOS/lib-arm64",
					"$(PROJECT_DIR)/3rdParty/glfw-3.3.7.bin.MACOS/lib-arm64",
				);
				PRODUCT_NAME = "$(TARGET_NAME)";
			};
			name = Debug;
		};
		3D721BDC28B613DF002C8CAF /* Release */ = {
			isa = XCBuildConfiguration;
			buildSettings = {
				CODE_SIGN_STYLE = Automatic;
				HEADER_SEARCH_PATHS = (
					"\"$(SRCROOT)/3rdParty/glad/include\"",
					"\"$(SRCROOT)/3rdParty/glfw-3.3.7.bin.MACOS/include\"",
					"\"$(SRCROOT)/3rdParty/glm\"",
				);
				LIBRARY_SEARCH_PATHS = (
					"/Users/jormungand/code/OpenGL_Test/3rdParty/glfw-3.3.7.bin.MACOS/lib-arm64",
					"$(PROJECT_DIR)/3rdParty/glfw-3.3.7.bin.MACOS/lib-arm64",
				);
				PRODUCT_NAME = "$(TARGET_NAME)";
			};
			name = Release;
		};
/* End XCBuildConfiguration section */

/* Begin XCConfigurationList section */
		3D721BCE28B613DF002C8CAF /* Build configuration list for PBXProject "OpenGL_Test" */ = {
			isa = XCConfigurationList;
			buildConfigurations = (
				3D721BD828B613DF002C8CAF /* Debug */,
				3D721BD928B613DF002C8CAF /* Release */,
			);
			defaultConfigurationIsVisible = 0;
			defaultConfigurationName = Release;
		};
		3D721BDA28B613DF002C8CAF /* Build configuration list for PBXNativeTarget "OpenGL_Test" */ = {
			isa = XCConfigurationList;
			buildConfigurations = (
				3D721BDB28B613DF002C8CAF /* Debug */,
				3D721BDC28B613DF002C8CAF /* Release */,
			);
			defaultConfigurationIsVisible = 0;
			defaultConfigurationName = Release;
		};
/* End XCConfigurationList section */
	};
	rootObject = 3D721BCB28B613DF002C8CAF /* Project object */;
}
